// !$*UTF8*$!
{
	archiveVersion = 1;
	classes = {
	};
	objectVersion = 55;
	objects = {

/* Begin PBXBuildFile section */
		213623B928C98AD900E7E35E /* AppDelegate.swift in Sources */ = {isa = PBXBuildFile; fileRef = 213623B828C98AD900E7E35E /* AppDelegate.swift */; };
		213623BB28C98AD900E7E35E /* SceneDelegate.swift in Sources */ = {isa = PBXBuildFile; fileRef = 213623BA28C98AD900E7E35E /* SceneDelegate.swift */; };
		213623BD28C98AD900E7E35E /* ViewController.swift in Sources */ = {isa = PBXBuildFile; fileRef = 213623BC28C98AD900E7E35E /* ViewController.swift */; };
		213623C028C98AD900E7E35E /* Main.storyboard in Resources */ = {isa = PBXBuildFile; fileRef = 213623BE28C98AD900E7E35E /* Main.storyboard */; };
		213623C228C98ADB00E7E35E /* Assets.xcassets in Resources */ = {isa = PBXBuildFile; fileRef = 213623C128C98ADB00E7E35E /* Assets.xcassets */; };
		213623C528C98ADB00E7E35E /* LaunchScreen.storyboard in Resources */ = {isa = PBXBuildFile; fileRef = 213623C328C98ADB00E7E35E /* LaunchScreen.storyboard */; };
		213623D028C98ADB00E7E35E /* HackwichTwoTests.swift in Sources */ = {isa = PBXBuildFile; fileRef = 213623CF28C98ADB00E7E35E /* HackwichTwoTests.swift */; };
		213623DA28C98ADB00E7E35E /* HackwichTwoUITests.swift in Sources */ = {isa = PBXBuildFile; fileRef = 213623D928C98ADB00E7E35E /* HackwichTwoUITests.swift */; };
		213623DC28C98ADB00E7E35E /* HackwichTwoUITestsLaunchTests.swift in Sources */ = {isa = PBXBuildFile; fileRef = 213623DB28C98ADB00E7E35E /* HackwichTwoUITestsLaunchTests.swift */; };
/* End PBXBuildFile section */

/* Begin PBXContainerItemProxy section */
		213623CC28C98ADB00E7E35E /* PBXContainerItemProxy */ = {
			isa = PBXContainerItemProxy;
			containerPortal = 213623AD28C98AD900E7E35E /* Project object */;
			proxyType = 1;
			remoteGlobalIDString = 213623B428C98AD900E7E35E;
			remoteInfo = HackwichTwo;
		};
		213623D628C98ADB00E7E35E /* PBXContainerItemProxy */ = {
			isa = PBXContainerItemProxy;
			containerPortal = 213623AD28C98AD900E7E35E /* Project object */;
			proxyType = 1;
			remoteGlobalIDString = 213623B428C98AD900E7E35E;
			remoteInfo = HackwichTwo;
		};
/* End PBXContainerItemProxy section */

/* Begin PBXFileReference section */
		213623B528C98AD900E7E35E /* HackwichTwo.app */ = {isa = PBXFileReference; explicitFileType = wrapper.application; includeInIndex = 0; path = HackwichTwo.app; sourceTree = BUILT_PRODUCTS_DIR; };
		213623B828C98AD900E7E35E /* AppDelegate.swift */ = {isa = PBXFileReference; lastKnownFileType = sourcecode.swift; path = AppDelegate.swift; sourceTree = "<group>"; };
		213623BA28C98AD900E7E35E /* SceneDelegate.swift */ = {isa = PBXFileReference; lastKnownFileType = sourcecode.swift; path = SceneDelegate.swift; sourceTree = "<group>"; };
		213623BC28C98AD900E7E35E /* ViewController.swift */ = {isa = PBXFileReference; lastKnownFileType = sourcecode.swift; path = ViewController.swift; sourceTree = "<group>"; };
		213623BF28C98AD900E7E35E /* Base */ = {isa = PBXFileReference; lastKnownFileType = file.storyboard; name = Base; path = Base.lproj/Main.storyboard; sourceTree = "<group>"; };
		213623C128C98ADB00E7E35E /* Assets.xcassets */ = {isa = PBXFileReference; lastKnownFileType = folder.assetcatalog; path = Assets.xcassets; sourceTree = "<group>"; };
		213623C428C98ADB00E7E35E /* Base */ = {isa = PBXFileReference; lastKnownFileType = file.storyboard; name = Base; path = Base.lproj/LaunchScreen.storyboard; sourceTree = "<group>"; };
		213623C628C98ADB00E7E35E /* Info.plist */ = {isa = PBXFileReference; lastKnownFileType = text.plist.xml; path = Info.plist; sourceTree = "<group>"; };
		213623CB28C98ADB00E7E35E /* HackwichTwoTests.xctest */ = {isa = PBXFileReference; explicitFileType = wrapper.cfbundle; includeInIndex = 0; path = HackwichTwoTests.xctest; sourceTree = BUILT_PRODUCTS_DIR; };
		213623CF28C98ADB00E7E35E /* HackwichTwoTests.swift */ = {isa = PBXFileReference; lastKnownFileType = sourcecode.swift; path = HackwichTwoTests.swift; sourceTree = "<group>"; };
		213623D528C98ADB00E7E35E /* HackwichTwoUITests.xctest */ = {isa = PBXFileReference; explicitFileType = wrapper.cfbundle; includeInIndex = 0; path = HackwichTwoUITests.xctest; sourceTree = BUILT_PRODUCTS_DIR; };
		213623D928C98ADB00E7E35E /* HackwichTwoUITests.swift */ = {isa = PBXFileReference; lastKnownFileType = sourcecode.swift; path = HackwichTwoUITests.swift; sourceTree = "<group>"; };
		213623DB28C98ADB00E7E35E /* HackwichTwoUITestsLaunchTests.swift */ = {isa = PBXFileReference; lastKnownFileType = sourcecode.swift; path = HackwichTwoUITestsLaunchTests.swift; sourceTree = "<group>"; };
/* End PBXFileReference section */

/* Begin PBXFrameworksBuildPhase section */
		213623B228C98AD900E7E35E /* Frameworks */ = {
			isa = PBXFrameworksBuildPhase;
			buildActionMask = 2147483647;
			files = (
			);
			runOnlyForDeploymentPostprocessing = 0;
		};
		213623C828C98ADB00E7E35E /* Frameworks */ = {
			isa = PBXFrameworksBuildPhase;
			buildActionMask = 2147483647;
			files = (
			);
			runOnlyForDeploymentPostprocessing = 0;
		};
		213623D228C98ADB00E7E35E /* Frameworks */ = {
			isa = PBXFrameworksBuildPhase;
			buildActionMask = 2147483647;
			files = (
			);
			runOnlyForDeploymentPostprocessing = 0;
		};
/* End PBXFrameworksBuildPhase section */

/* Begin PBXGroup section */
		213623AC28C98AD900E7E35E = {
			isa = PBXGroup;
			children = (
				213623B728C98AD900E7E35E /* HackwichTwo */,
				213623CE28C98ADB00E7E35E /* HackwichTwoTests */,
				213623D828C98ADB00E7E35E /* HackwichTwoUITests */,
				213623B628C98AD900E7E35E /* Products */,
			);
			sourceTree = "<group>";
		};
		213623B628C98AD900E7E35E /* Products */ = {
			isa = PBXGroup;
			children = (
				213623B528C98AD900E7E35E /* HackwichTwo.app */,
				213623CB28C98ADB00E7E35E /* HackwichTwoTests.xctest */,
				213623D528C98ADB00E7E35E /* HackwichTwoUITests.xctest */,
			);
			name = Products;
			sourceTree = "<group>";
		};
		213623B728C98AD900E7E35E /* HackwichTwo */ = {
			isa = PBXGroup;
			children = (
				213623B828C98AD900E7E35E /* AppDelegate.swift */,
				213623BA28C98AD900E7E35E /* SceneDelegate.swift */,
				213623BC28C98AD900E7E35E /* ViewController.swift */,
				213623BE28C98AD900E7E35E /* Main.storyboard */,
				213623C128C98ADB00E7E35E /* Assets.xcassets */,
				213623C328C98ADB00E7E35E /* LaunchScreen.storyboard */,
				213623C628C98ADB00E7E35E /* Info.plist */,
			);
			path = HackwichTwo;
			sourceTree = "<group>";
		};
		213623CE28C98ADB00E7E35E /* HackwichTwoTests */ = {
			isa = PBXGroup;
			children = (
				213623CF28C98ADB00E7E35E /* HackwichTwoTests.swift */,
			);
			path = HackwichTwoTests;
			sourceTree = "<group>";
		};
		213623D828C98ADB00E7E35E /* HackwichTwoUITests */ = {
			isa = PBXGroup;
			children = (
				213623D928C98ADB00E7E35E /* HackwichTwoUITests.swift */,
				213623DB28C98ADB00E7E35E /* HackwichTwoUITestsLaunchTests.swift */,
			);
			path = HackwichTwoUITests;
			sourceTree = "<group>";
		};
/* End PBXGroup section */

/* Begin PBXNativeTarget section */
		213623B428C98AD900E7E35E /* HackwichTwo */ = {
			isa = PBXNativeTarget;
			buildConfigurationList = 213623DF28C98ADB00E7E35E /* Build configuration list for PBXNativeTarget "HackwichTwo" */;
			buildPhases = (
				213623B128C98AD900E7E35E /* Sources */,
				213623B228C98AD900E7E35E /* Frameworks */,
				213623B328C98AD900E7E35E /* Resources */,
			);
			buildRules = (
			);
			dependencies = (
			);
			name = HackwichTwo;
			productName = HackwichTwo;
			productReference = 213623B528C98AD900E7E35E /* HackwichTwo.app */;
			productType = "com.apple.product-type.application";
		};
		213623CA28C98ADB00E7E35E /* HackwichTwoTests */ = {
			isa = PBXNativeTarget;
			buildConfigurationList = 213623E228C98ADB00E7E35E /* Build configuration list for PBXNativeTarget "HackwichTwoTests" */;
			buildPhases = (
				213623C728C98ADB00E7E35E /* Sources */,
				213623C828C98ADB00E7E35E /* Frameworks */,
				213623C928C98ADB00E7E35E /* Resources */,
			);
			buildRules = (
			);
			dependencies = (
				213623CD28C98ADB00E7E35E /* PBXTargetDependency */,
			);
			name = HackwichTwoTests;
			productName = HackwichTwoTests;
			productReference = 213623CB28C98ADB00E7E35E /* HackwichTwoTests.xctest */;
			productType = "com.apple.product-type.bundle.unit-test";
		};
		213623D428C98ADB00E7E35E /* HackwichTwoUITests */ = {
			isa = PBXNativeTarget;
			buildConfigurationList = 213623E528C98ADB00E7E35E /* Build configuration list for PBXNativeTarget "HackwichTwoUITests" */;
			buildPhases = (
				213623D128C98ADB00E7E35E /* Sources */,
				213623D228C98ADB00E7E35E /* Frameworks */,
				213623D328C98ADB00E7E35E /* Resources */,
			);
			buildRules = (
			);
			dependencies = (
				213623D728C98ADB00E7E35E /* PBXTargetDependency */,
			);
			name = HackwichTwoUITests;
			productName = HackwichTwoUITests;
			productReference = 213623D528C98ADB00E7E35E /* HackwichTwoUITests.xctest */;
			productType = "com.apple.product-type.bundle.ui-testing";
		};
/* End PBXNativeTarget section */

/* Begin PBXProject section */
		213623AD28C98AD900E7E35E /* Project object */ = {
			isa = PBXProject;
			attributes = {
				BuildIndependentTargetsInParallel = 1;
				LastSwiftUpdateCheck = 1340;
				LastUpgradeCheck = 1340;
				TargetAttributes = {
					213623B428C98AD900E7E35E = {
						CreatedOnToolsVersion = 13.4.1;
					};
					213623CA28C98ADB00E7E35E = {
						CreatedOnToolsVersion = 13.4.1;
						TestTargetID = 213623B428C98AD900E7E35E;
					};
					213623D428C98ADB00E7E35E = {
						CreatedOnToolsVersion = 13.4.1;
						TestTargetID = 213623B428C98AD900E7E35E;
					};
				};
			};
			buildConfigurationList = 213623B028C98AD900E7E35E /* Build configuration list for PBXProject "HackwichTwo" */;
			compatibilityVersion = "Xcode 13.0";
			developmentRegion = en;
			hasScannedForEncodings = 0;
			knownRegions = (
				en,
				Base,
			);
			mainGroup = 213623AC28C98AD900E7E35E;
			productRefGroup = 213623B628C98AD900E7E35E /* Products */;
			projectDirPath = "";
			projectRoot = "";
			targets = (
				213623B428C98AD900E7E35E /* HackwichTwo */,
				213623CA28C98ADB00E7E35E /* HackwichTwoTests */,
				213623D428C98ADB00E7E35E /* HackwichTwoUITests */,
			);
		};
/* End PBXProject section */

/* Begin PBXResourcesBuildPhase section */
		213623B328C98AD900E7E35E /* Resources */ = {
			isa = PBXResourcesBuildPhase;
			buildActionMask = 2147483647;
			files = (
				213623C528C98ADB00E7E35E /* LaunchScreen.storyboard in Resources */,
				213623C228C98ADB00E7E35E /* Assets.xcassets in Resources */,
				213623C028C98AD900E7E35E /* Main.storyboard in Resources */,
			);
			runOnlyForDeploymentPostprocessing = 0;
		};
		213623C928C98ADB00E7E35E /* Resources */ = {
			isa = PBXResourcesBuildPhase;
			buildActionMask = 2147483647;
			files = (
			);
			runOnlyForDeploymentPostprocessing = 0;
		};
		213623D328C98ADB00E7E35E /* Resources */ = {
			isa = PBXResourcesBuildPhase;
			buildActionMask = 2147483647;
			files = (
			);
			runOnlyForDeploymentPostprocessing = 0;
		};
/* End PBXResourcesBuildPhase section */

/* Begin PBXSourcesBuildPhase section */
		213623B128C98AD900E7E35E /* Sources */ = {
			isa = PBXSourcesBuildPhase;
			buildActionMask = 2147483647;
			files = (
				213623BD28C98AD900E7E35E /* ViewController.swift in Sources */,
				213623B928C98AD900E7E35E /* AppDelegate.swift in Sources */,
				213623BB28C98AD900E7E35E /* SceneDelegate.swift in Sources */,
			);
			runOnlyForDeploymentPostprocessing = 0;
		};
		213623C728C98ADB00E7E35E /* Sources */ = {
			isa = PBXSourcesBuildPhase;
			buildActionMask = 2147483647;
			files = (
				213623D028C98ADB00E7E35E /* HackwichTwoTests.swift in Sources */,
			);
			runOnlyForDeploymentPostprocessing = 0;
		};
		213623D128C98ADB00E7E35E /* Sources */ = {
			isa = PBXSourcesBuildPhase;
			buildActionMask = 2147483647;
			files = (
				213623DA28C98ADB00E7E35E /* HackwichTwoUITests.swift in Sources */,
				213623DC28C98ADB00E7E35E /* HackwichTwoUITestsLaunchTests.swift in Sources */,
			);
			runOnlyForDeploymentPostprocessing = 0;
		};
/* End PBXSourcesBuildPhase section */

/* Begin PBXTargetDependency section */
		213623CD28C98ADB00E7E35E /* PBXTargetDependency */ = {
			isa = PBXTargetDependency;
			target = 213623B428C98AD900E7E35E /* HackwichTwo */;
			targetProxy = 213623CC28C98ADB00E7E35E /* PBXContainerItemProxy */;
		};
		213623D728C98ADB00E7E35E /* PBXTargetDependency */ = {
			isa = PBXTargetDependency;
			target = 213623B428C98AD900E7E35E /* HackwichTwo */;
			targetProxy = 213623D628C98ADB00E7E35E /* PBXContainerItemProxy */;
		};
/* End PBXTargetDependency section */

/* Begin PBXVariantGroup section */
		213623BE28C98AD900E7E35E /* Main.storyboard */ = {
			isa = PBXVariantGroup;
			children = (
				213623BF28C98AD900E7E35E /* Base */,
			);
			name = Main.storyboard;
			sourceTree = "<group>";
		};
		213623C328C98ADB00E7E35E /* LaunchScreen.storyboard */ = {
			isa = PBXVariantGroup;
			children = (
				213623C428C98ADB00E7E35E /* Base */,
			);
			name = LaunchScreen.storyboard;
			sourceTree = "<group>";
		};
/* End PBXVariantGroup section */

/* Begin XCBuildConfiguration section */
		213623DD28C98ADB00E7E35E /* Debug */ = {
			isa = XCBuildConfiguration;
			buildSettings = {
				ALWAYS_SEARCH_USER_PATHS = NO;
				CLANG_ANALYZER_NONNULL = YES;
				CLANG_ANALYZER_NUMBER_OBJECT_CONVERSION = YES_AGGRESSIVE;
				CLANG_CXX_LANGUAGE_STANDARD = "gnu++17";
				CLANG_ENABLE_MODULES = YES;
				CLANG_ENABLE_OBJC_ARC = YES;
				CLANG_ENABLE_OBJC_WEAK = YES;
				CLANG_WARN_BLOCK_CAPTURE_AUTORELEASING = YES;
				CLANG_WARN_BOOL_CONVERSION = YES;
				CLANG_WARN_COMMA = YES;
				CLANG_WARN_CONSTANT_CONVERSION = YES;
				CLANG_WARN_DEPRECATED_OBJC_IMPLEMENTATIONS = YES;
				CLANG_WARN_DIRECT_OBJC_ISA_USAGE = YES_ERROR;
				CLANG_WARN_DOCUMENTATION_COMMENTS = YES;
				CLANG_WARN_EMPTY_BODY = YES;
				CLANG_WARN_ENUM_CONVERSION = YES;
				CLANG_WARN_INFINITE_RECURSION = YES;
				CLANG_WARN_INT_CONVERSION = YES;
				CLANG_WARN_NON_LITERAL_NULL_CONVERSION = YES;
				CLANG_WARN_OBJC_IMPLICIT_RETAIN_SELF = YES;
				CLANG_WARN_OBJC_LITERAL_CONVERSION = YES;
				CLANG_WARN_OBJC_ROOT_CLASS = YES_ERROR;
				CLANG_WARN_QUOTED_INCLUDE_IN_FRAMEWORK_HEADER = YES;
				CLANG_WARN_RANGE_LOOP_ANALYSIS = YES;
				CLANG_WARN_STRICT_PROTOTYPES = YES;
				CLANG_WARN_SUSPICIOUS_MOVE = YES;
				CLANG_WARN_UNGUARDED_AVAILABILITY = YES_AGGRESSIVE;
				CLANG_WARN_UNREACHABLE_CODE = YES;
				CLANG_WARN__DUPLICATE_METHOD_MATCH = YES;
				COPY_PHASE_STRIP = NO;
				DEBUG_INFORMATION_FORMAT = dwarf;
				ENABLE_STRICT_OBJC_MSGSEND = YES;
				ENABLE_TESTABILITY = YES;
				GCC_C_LANGUAGE_STANDARD = gnu11;
				GCC_DYNAMIC_NO_PIC = NO;
				GCC_NO_COMMON_BLOCKS = YES;
				GCC_OPTIMIZATION_LEVEL = 0;
				GCC_PREPROCESSOR_DEFINITIONS = (
					"DEBUG=1",
					"$(inherited)",
				);
				GCC_WARN_64_TO_32_BIT_CONVERSION = YES;
				GCC_WARN_ABOUT_RETURN_TYPE = YES_ERROR;
				GCC_WARN_UNDECLARED_SELECTOR = YES;
				GCC_WARN_UNINITIALIZED_AUTOS = YES_AGGRESSIVE;
				GCC_WARN_UNUSED_FUNCTION = YES;
				GCC_WARN_UNUSED_VARIABLE = YES;
				IPHONEOS_DEPLOYMENT_TARGET = 15.5;
				MTL_ENABLE_DEBUG_INFO = INCLUDE_SOURCE;
				MTL_FAST_MATH = YES;
				ONLY_ACTIVE_ARCH = YES;
				SDKROOT = iphoneos;
				SWIFT_ACTIVE_COMPILATION_CONDITIONS = DEBUG;
				SWIFT_OPTIMIZATION_LEVEL = "-Onone";
			};
			name = Debug;
		};
		213623DE28C98ADB00E7E35E /* Release */ = {
			isa = XCBuildConfiguration;
			buildSettings = {
				ALWAYS_SEARCH_USER_PATHS = NO;
				CLANG_ANALYZER_NONNULL = YES;
				CLANG_ANALYZER_NUMBER_OBJECT_CONVERSION = YES_AGGRESSIVE;
				CLANG_CXX_LANGUAGE_STANDARD = "gnu++17";
				CLANG_ENABLE_MODULES = YES;
				CLANG_ENABLE_OBJC_ARC = YES;
				CLANG_ENABLE_OBJC_WEAK = YES;
				CLANG_WARN_BLOCK_CAPTURE_AUTORELEASING = YES;
				CLANG_WARN_BOOL_CONVERSION = YES;
				CLANG_WARN_COMMA = YES;
				CLANG_WARN_CONSTANT_CONVERSION = YES;
				CLANG_WARN_DEPRECATED_OBJC_IMPLEMENTATIONS = YES;
				CLANG_WARN_DIRECT_OBJC_ISA_USAGE = YES_ERROR;
				CLANG_WARN_DOCUMENTATION_COMMENTS = YES;
				CLANG_WARN_EMPTY_BODY = YES;
				CLANG_WARN_ENUM_CONVERSION = YES;
				CLANG_WARN_INFINITE_RECURSION = YES;
				CLANG_WARN_INT_CONVERSION = YES;
				CLANG_WARN_NON_LITERAL_NULL_CONVERSION = YES;
				CLANG_WARN_OBJC_IMPLICIT_RETAIN_SELF = YES;
				CLANG_WARN_OBJC_LITERAL_CONVERSION = YES;
				CLANG_WARN_OBJC_ROOT_CLASS = YES_ERROR;
				CLANG_WARN_QUOTED_INCLUDE_IN_FRAMEWORK_HEADER = YES;
				CLANG_WARN_RANGE_LOOP_ANALYSIS = YES;
				CLANG_WARN_STRICT_PROTOTYPES = YES;
				CLANG_WARN_SUSPICIOUS_MOVE = YES;
				CLANG_WARN_UNGUARDED_AVAILABILITY = YES_AGGRESSIVE;
				CLANG_WARN_UNREACHABLE_CODE = YES;
				CLANG_WARN__DUPLICATE_METHOD_MATCH = YES;
				COPY_PHASE_STRIP = NO;
				DEBUG_INFORMATION_FORMAT = "dwarf-with-dsym";
				ENABLE_NS_ASSERTIONS = NO;
				ENABLE_STRICT_OBJC_MSGSEND = YES;
				GCC_C_LANGUAGE_STANDARD = gnu11;
				GCC_NO_COMMON_BLOCKS = YES;
				GCC_WARN_64_TO_32_BIT_CONVERSION = YES;
				GCC_WARN_ABOUT_RETURN_TYPE = YES_ERROR;
				GCC_WARN_UNDECLARED_SELECTOR = YES;
				GCC_WARN_UNINITIALIZED_AUTOS = YES_AGGRESSIVE;
				GCC_WARN_UNUSED_FUNCTION = YES;
				GCC_WARN_UNUSED_VARIABLE = YES;
				IPHONEOS_DEPLOYMENT_TARGET = 15.5;
				MTL_ENABLE_DEBUG_INFO = NO;
				MTL_FAST_MATH = YES;
				SDKROOT = iphoneos;
				SWIFT_COMPILATION_MODE = wholemodule;
				SWIFT_OPTIMIZATION_LEVEL = "-O";
				VALIDATE_PRODUCT = YES;
			};
			name = Release;
		};
		213623E028C98ADB00E7E35E /* Debug */ = {
			isa = XCBuildConfiguration;
			buildSettings = {
				ASSETCATALOG_COMPILER_APPICON_NAME = AppIcon;
				ASSETCATALOG_COMPILER_GLOBAL_ACCENT_COLOR_NAME = AccentColor;
				CODE_SIGN_STYLE = Automatic;
				CURRENT_PROJECT_VERSION = 1;
				DEVELOPMENT_TEAM = Z47THZSTTV;
				GENERATE_INFOPLIST_FILE = YES;
				INFOPLIST_FILE = HackwichTwo/Info.plist;
				INFOPLIST_KEY_UIApplicationSupportsIndirectInputEvents = YES;
				INFOPLIST_KEY_UILaunchStoryboardName = LaunchScreen;
				INFOPLIST_KEY_UIMainStoryboardFile = Main;
				INFOPLIST_KEY_UISupportedInterfaceOrientations_iPad = "UIInterfaceOrientationPortrait UIInterfaceOrientationPortraitUpsideDown UIInterfaceOrientationLandscapeLeft UIInterfaceOrientationLandscapeRight";
				INFOPLIST_KEY_UISupportedInterfaceOrientations_iPhone = "UIInterfaceOrientationPortrait UIInterfaceOrientationLandscapeLeft UIInterfaceOrientationLandscapeRight";
				LD_RUNPATH_SEARCH_PATHS = (
					"$(inherited)",
					"@executable_path/Frameworks",
				);
				MARKETING_VERSION = 1.0;
				PRODUCT_BUNDLE_IDENTIFIER = UHWO.HackwichTwo;
				PRODUCT_NAME = "$(TARGET_NAME)";
				SWIFT_EMIT_LOC_STRINGS = YES;
				SWIFT_VERSION = 5.0;
				TARGETED_DEVICE_FAMILY = "1,2";
			};
			name = Debug;
		};
		213623E128C98ADB00E7E35E /* Release */ = {
			isa = XCBuildConfiguration;
			buildSettings = {
				ASSETCATALOG_COMPILER_APPICON_NAME = AppIcon;
				ASSETCATALOG_COMPILER_GLOBAL_ACCENT_COLOR_NAME = AccentColor;
				CODE_SIGN_STYLE = Automatic;
				CURRENT_PROJECT_VERSION = 1;
				DEVELOPMENT_TEAM = Z47THZSTTV;
				GENERATE_INFOPLIST_FILE = YES;
				INFOPLIST_FILE = HackwichTwo/Info.plist;
				INFOPLIST_KEY_UIApplicationSupportsIndirectInputEvents = YES;
				INFOPLIST_KEY_UILaunchStoryboardName = LaunchScreen;
				INFOPLIST_KEY_UIMainStoryboardFile = Main;
				INFOPLIST_KEY_UISupportedInterfaceOrientations_iPad = "UIInterfaceOrientationPortrait UIInterfaceOrientationPortraitUpsideDown UIInterfaceOrientationLandscapeLeft UIInterfaceOrientationLandscapeRight";
				INFOPLIST_KEY_UISupportedInterfaceOrientations_iPhone = "UIInterfaceOrientationPortrait UIInterfaceOrientationLandscapeLeft UIInterfaceOrientationLandscapeRight";
				LD_RUNPATH_SEARCH_PATHS = (
					"$(inherited)",
					"@executable_path/Frameworks",
				);
				MARKETING_VERSION = 1.0;
				PRODUCT_BUNDLE_IDENTIFIER = UHWO.HackwichTwo;
				PRODUCT_NAME = "$(TARGET_NAME)";
				SWIFT_EMIT_LOC_STRINGS = YES;
				SWIFT_VERSION = 5.0;
				TARGETED_DEVICE_FAMILY = "1,2";
			};
			name = Release;
		};
		213623E328C98ADB00E7E35E /* Debug */ = {
			isa = XCBuildConfiguration;
			buildSettings = {
				ALWAYS_EMBED_SWIFT_STANDARD_LIBRARIES = YES;
				BUNDLE_LOADER = "$(TEST_HOST)";
				CODE_SIGN_STYLE = Automatic;
				CURRENT_PROJECT_VERSION = 1;
				DEVELOPMENT_TEAM = Z47THZSTTV;
				GENERATE_INFOPLIST_FILE = YES;
				IPHONEOS_DEPLOYMENT_TARGET = 15.5;
				MARKETING_VERSION = 1.0;
				PRODUCT_BUNDLE_IDENTIFIER = UHWO.HackwichTwoTests;
				PRODUCT_NAME = "$(TARGET_NAME)";
				SWIFT_EMIT_LOC_STRINGS = NO;
				SWIFT_VERSION = 5.0;
				TARGETED_DEVICE_FAMILY = "1,2";
				TEST_HOST = "$(BUILT_PRODUCTS_DIR)/HackwichTwo.app/HackwichTwo";
			};
			name = Debug;
		};
		213623E428C98ADB00E7E35E /* Release */ = {
			isa = XCBuildConfiguration;
			buildSettings = {
				ALWAYS_EMBED_SWIFT_STANDARD_LIBRARIES = YES;
				BUNDLE_LOADER = "$(TEST_HOST)";
				CODE_SIGN_STYLE = Automatic;
				CURRENT_PROJECT_VERSION = 1;
				DEVELOPMENT_TEAM = Z47THZSTTV;
				GENERATE_INFOPLIST_FILE = YES;
				IPHONEOS_DEPLOYMENT_TARGET = 15.5;
				MARKETING_VERSION = 1.0;
				PRODUCT_BUNDLE_IDENTIFIER = UHWO.HackwichTwoTests;
				PRODUCT_NAME = "$(TARGET_NAME)";
				SWIFT_EMIT_LOC_STRINGS = NO;
				SWIFT_VERSION = 5.0;
				TARGETED_DEVICE_FAMILY = "1,2";
				TEST_HOST = "$(BUILT_PRODUCTS_DIR)/HackwichTwo.app/HackwichTwo";
			};
			name = Release;
		};
		213623E628C98ADB00E7E35E /* Debug */ = {
			isa = XCBuildConfiguration;
			buildSettings = {
				ALWAYS_EMBED_SWIFT_STANDARD_LIBRARIES = YES;
				CODE_SIGN_STYLE = Automatic;
				CURRENT_PROJECT_VERSION = 1;
				DEVELOPMENT_TEAM = Z47THZSTTV;
				GENERATE_INFOPLIST_FILE = YES;
				MARKETING_VERSION = 1.0;
				PRODUCT_BUNDLE_IDENTIFIER = UHWO.HackwichTwoUITests;
				PRODUCT_NAME = "$(TARGET_NAME)";
				SWIFT_EMIT_LOC_STRINGS = NO;
				SWIFT_VERSION = 5.0;
				TARGETED_DEVICE_FAMILY = "1,2";
				TEST_TARGET_NAME = HackwichTwo;
			};
			name = Debug;
		};
		213623E728C98ADB00E7E35E /* Release */ = {
			isa = XCBuildConfiguration;
			buildSettings = {
				ALWAYS_EMBED_SWIFT_STANDARD_LIBRARIES = YES;
				CODE_SIGN_STYLE = Automatic;
				CURRENT_PROJECT_VERSION = 1;
				DEVELOPMENT_TEAM = Z47THZSTTV;
				GENERATE_INFOPLIST_FILE = YES;
				MARKETING_VERSION = 1.0;
				PRODUCT_BUNDLE_IDENTIFIER = UHWO.HackwichTwoUITests;
				PRODUCT_NAME = "$(TARGET_NAME)";
				SWIFT_EMIT_LOC_STRINGS = NO;
				SWIFT_VERSION = 5.0;
				TARGETED_DEVICE_FAMILY = "1,2";
				TEST_TARGET_NAME = HackwichTwo;
			};
			name = Release;
		};
/* End XCBuildConfiguration section */

/* Begin XCConfigurationList section */
		213623B028C98AD900E7E35E /* Build configuration list for PBXProject "HackwichTwo" */ = {
			isa = XCConfigurationList;
			buildConfigurations = (
				213623DD28C98ADB00E7E35E /* Debug */,
				213623DE28C98ADB00E7E35E /* Release */,
			);
			defaultConfigurationIsVisible = 0;
			defaultConfigurationName = Release;
		};
		213623DF28C98ADB00E7E35E /* Build configuration list for PBXNativeTarget "HackwichTwo" */ = {
			isa = XCConfigurationList;
			buildConfigurations = (
				213623E028C98ADB00E7E35E /* Debug */,
				213623E128C98ADB00E7E35E /* Release */,
			);
			defaultConfigurationIsVisible = 0;
			defaultConfigurationName = Release;
		};
		213623E228C98ADB00E7E35E /* Build configuration list for PBXNativeTarget "HackwichTwoTests" */ = {
			isa = XCConfigurationList;
			buildConfigurations = (
				213623E328C98ADB00E7E35E /* Debug */,
				213623E428C98ADB00E7E35E /* Release */,
			);
			defaultConfigurationIsVisible = 0;
			defaultConfigurationName = Release;
		};
		213623E528C98ADB00E7E35E /* Build configuration list for PBXNativeTarget "HackwichTwoUITests" */ = {
			isa = XCConfigurationList;
			buildConfigurations = (
				213623E628C98ADB00E7E35E /* Debug */,
				213623E728C98ADB00E7E35E /* Release */,
			);
			defaultConfigurationIsVisible = 0;
			defaultConfigurationName = Release;
		};
/* End XCConfigurationList section */
	};
	rootObject = 213623AD28C98AD900E7E35E /* Project object */;
}
